
Microsoft Visual Studio Solution File, Format Version 12.00
# Visual Studio Version 17
VisualStudioVersion = 17.14.36109.1 d17.14
MinimumVisualStudioVersion = 10.0.40219.1
Project("{FAE04EC0-301F-11D3-BF4B-00C04F79EFBC}") = "P20251201_SMB", "P20251201_SMB\P20251201_SMB.csproj", "{2E306209-EF05-4DD0-93E8-B1CF46B13676}"
EndProject
Global
	GlobalSection(SolutionConfigurationPlatforms) = preSolution
		Debug|Any CPU = Debug|Any CPU
		Release|Any CPU = Release|Any CPU
	EndGlobalSection
	GlobalSection(ProjectConfigurationPlatforms) = postSolution
		{2E306209-EF05-4DD0-93E8-B1CF46B13676}.Debug|Any CPU.ActiveCfg = Debug|Any CPU
		{2E306209-EF05-4DD0-93E8-B1CF46B13676}.Debug|Any CPU.Build.0 = Debug|Any CPU
		{2E306209-EF05-4DD0-93E8-B1CF46B13676}.Release|Any CPU.ActiveCfg = Release|Any CPU
		{2E306209-EF05-4DD0-93E8-B1CF46B13676}.Release|Any CPU.Build.0 = Release|Any CPU
	EndGlobalSection
	GlobalSection(SolutionProperties) = preSolution
		HideSolutionNode = FALSE
	EndGlobalSection
	GlobalSection(ExtensibilityGlobals) = postSolution
		SolutionGuid = {3EB29504-6B12-4EBB-8317-95E9BA580ED1}
	EndGlobalSection
EndGlobal
